// !$*UTF8*$!
{
	archiveVersion = 1;
	classes = {
	};
	objectVersion = 46;
	objects = {

/* Begin PBXBuildFile section */
		6D6FF0CA1C06405E00265E3B /* AppDelegate.swift in Sources */ = {isa = PBXBuildFile; fileRef = 6D6FF0C91C06405E00265E3B /* AppDelegate.swift */; };
		6D6FF0CC1C06405E00265E3B /* ViewController.swift in Sources */ = {isa = PBXBuildFile; fileRef = 6D6FF0CB1C06405E00265E3B /* ViewController.swift */; };
		6D6FF0CF1C06405E00265E3B /* Main.storyboard in Resources */ = {isa = PBXBuildFile; fileRef = 6D6FF0CD1C06405E00265E3B /* Main.storyboard */; };
		6D6FF0D11C06405E00265E3B /* Assets.xcassets in Resources */ = {isa = PBXBuildFile; fileRef = 6D6FF0D01C06405E00265E3B /* Assets.xcassets */; };
		6D6FF0D41C06405E00265E3B /* LaunchScreen.storyboard in Resources */ = {isa = PBXBuildFile; fileRef = 6D6FF0D21C06405E00265E3B /* LaunchScreen.storyboard */; };
		6D6FF0DF1C06405E00265E3B /* TrackThyTravelTests.swift in Sources */ = {isa = PBXBuildFile; fileRef = 6D6FF0DE1C06405E00265E3B /* TrackThyTravelTests.swift */; };
		6D6FF0EA1C06405E00265E3B /* TrackThyTravelUITests.swift in Sources */ = {isa = PBXBuildFile; fileRef = 6D6FF0E91C06405E00265E3B /* TrackThyTravelUITests.swift */; };
		6D6FF0F81C0641BE00265E3B /* MapKit.framework in Frameworks */ = {isa = PBXBuildFile; fileRef = 6D6FF0F71C0641BE00265E3B /* MapKit.framework */; };
/* End PBXBuildFile section */

/* Begin PBXContainerItemProxy section */
		6D6FF0DB1C06405E00265E3B /* PBXContainerItemProxy */ = {
			isa = PBXContainerItemProxy;
			containerPortal = 6D6FF0BE1C06405E00265E3B /* Project object */;
			proxyType = 1;
			remoteGlobalIDString = 6D6FF0C51C06405E00265E3B;
			remoteInfo = TrackThyTravel;
		};
		6D6FF0E61C06405E00265E3B /* PBXContainerItemProxy */ = {
			isa = PBXContainerItemProxy;
			containerPortal = 6D6FF0BE1C06405E00265E3B /* Project object */;
			proxyType = 1;
			remoteGlobalIDString = 6D6FF0C51C06405E00265E3B;
			remoteInfo = TrackThyTravel;
		};
/* End PBXContainerItemProxy section */

/* Begin PBXFileReference section */
		6D6FF0C61C06405E00265E3B /* TrackThyTravel.app */ = {isa = PBXFileReference; explicitFileType = wrapper.application; includeInIndex = 0; path = TrackThyTravel.app; sourceTree = BUILT_PRODUCTS_DIR; };
		6D6FF0C91C06405E00265E3B /* AppDelegate.swift */ = {isa = PBXFileReference; lastKnownFileType = sourcecode.swift; path = AppDelegate.swift; sourceTree = "<group>"; };
		6D6FF0CB1C06405E00265E3B /* ViewController.swift */ = {isa = PBXFileReference; lastKnownFileType = sourcecode.swift; path = ViewController.swift; sourceTree = "<group>"; };
		6D6FF0CE1C06405E00265E3B /* Base */ = {isa = PBXFileReference; lastKnownFileType = file.storyboard; name = Base; path = Base.lproj/Main.storyboard; sourceTree = "<group>"; };
		6D6FF0D01C06405E00265E3B /* Assets.xcassets */ = {isa = PBXFileReference; lastKnownFileType = folder.assetcatalog; path = Assets.xcassets; sourceTree = "<group>"; };
		6D6FF0D31C06405E00265E3B /* Base */ = {isa = PBXFileReference; lastKnownFileType = file.storyboard; name = Base; path = Base.lproj/LaunchScreen.storyboard; sourceTree = "<group>"; };
		6D6FF0D51C06405E00265E3B /* Info.plist */ = {isa = PBXFileReference; lastKnownFileType = text.plist.xml; path = Info.plist; sourceTree = "<group>"; };
		6D6FF0DA1C06405E00265E3B /* TrackThyTravelTests.xctest */ = {isa = PBXFileReference; explicitFileType = wrapper.cfbundle; includeInIndex = 0; path = TrackThyTravelTests.xctest; sourceTree = BUILT_PRODUCTS_DIR; };
		6D6FF0DE1C06405E00265E3B /* TrackThyTravelTests.swift */ = {isa = PBXFileReference; lastKnownFileType = sourcecode.swift; path = TrackThyTravelTests.swift; sourceTree = "<group>"; };
		6D6FF0E01C06405E00265E3B /* Info.plist */ = {isa = PBXFileReference; lastKnownFileType = text.plist.xml; path = Info.plist; sourceTree = "<group>"; };
		6D6FF0E51C06405E00265E3B /* TrackThyTravelUITests.xctest */ = {isa = PBXFileReference; explicitFileType = wrapper.cfbundle; includeInIndex = 0; path = TrackThyTravelUITests.xctest; sourceTree = BUILT_PRODUCTS_DIR; };
		6D6FF0E91C06405E00265E3B /* TrackThyTravelUITests.swift */ = {isa = PBXFileReference; lastKnownFileType = sourcecode.swift; path = TrackThyTravelUITests.swift; sourceTree = "<group>"; };
		6D6FF0EB1C06405E00265E3B /* Info.plist */ = {isa = PBXFileReference; lastKnownFileType = text.plist.xml; path = Info.plist; sourceTree = "<group>"; };
		6D6FF0F71C0641BE00265E3B /* MapKit.framework */ = {isa = PBXFileReference; lastKnownFileType = wrapper.framework; name = MapKit.framework; path = System/Library/Frameworks/MapKit.framework; sourceTree = SDKROOT; };
		6D6FF0F91C0641E300265E3B /* TrackThyTravel.entitlements */ = {isa = PBXFileReference; lastKnownFileType = text.xml; path = TrackThyTravel.entitlements; sourceTree = "<group>"; };
/* End PBXFileReference section */

/* Begin PBXFrameworksBuildPhase section */
		6D6FF0C31C06405E00265E3B /* Frameworks */ = {
			isa = PBXFrameworksBuildPhase;
			buildActionMask = 2147483647;
			files = (
				6D6FF0F81C0641BE00265E3B /* MapKit.framework in Frameworks */,
			);
			runOnlyForDeploymentPostprocessing = 0;
		};
		6D6FF0D71C06405E00265E3B /* Frameworks */ = {
			isa = PBXFrameworksBuildPhase;
			buildActionMask = 2147483647;
			files = (
			);
			runOnlyForDeploymentPostprocessing = 0;
		};
		6D6FF0E21C06405E00265E3B /* Frameworks */ = {
			isa = PBXFrameworksBuildPhase;
			buildActionMask = 2147483647;
			files = (
			);
			runOnlyForDeploymentPostprocessing = 0;
		};
/* End PBXFrameworksBuildPhase section */

/* Begin PBXGroup section */
		6D6FF0BD1C06405E00265E3B = {
			isa = PBXGroup;
			children = (
				6D6FF0F71C0641BE00265E3B /* MapKit.framework */,
				6D6FF0C81C06405E00265E3B /* TrackThyTravel */,
				6D6FF0DD1C06405E00265E3B /* TrackThyTravelTests */,
				6D6FF0E81C06405E00265E3B /* TrackThyTravelUITests */,
				6D6FF0C71C06405E00265E3B /* Products */,
			);
			sourceTree = "<group>";
		};
		6D6FF0C71C06405E00265E3B /* Products */ = {
			isa = PBXGroup;
			children = (
				6D6FF0C61C06405E00265E3B /* TrackThyTravel.app */,
				6D6FF0DA1C06405E00265E3B /* TrackThyTravelTests.xctest */,
				6D6FF0E51C06405E00265E3B /* TrackThyTravelUITests.xctest */,
			);
			name = Products;
			sourceTree = "<group>";
		};
		6D6FF0C81C06405E00265E3B /* TrackThyTravel */ = {
			isa = PBXGroup;
			children = (
				6D6FF0F91C0641E300265E3B /* TrackThyTravel.entitlements */,
				6D6FF0C91C06405E00265E3B /* AppDelegate.swift */,
				6D6FF0CB1C06405E00265E3B /* ViewController.swift */,
				6D6FF0CD1C06405E00265E3B /* Main.storyboard */,
				6D6FF0D01C06405E00265E3B /* Assets.xcassets */,
				6D6FF0D21C06405E00265E3B /* LaunchScreen.storyboard */,
				6D6FF0D51C06405E00265E3B /* Info.plist */,
			);
			path = TrackThyTravel;
			sourceTree = "<group>";
		};
		6D6FF0DD1C06405E00265E3B /* TrackThyTravelTests */ = {
			isa = PBXGroup;
			children = (
				6D6FF0DE1C06405E00265E3B /* TrackThyTravelTests.swift */,
				6D6FF0E01C06405E00265E3B /* Info.plist */,
			);
			path = TrackThyTravelTests;
			sourceTree = "<group>";
		};
		6D6FF0E81C06405E00265E3B /* TrackThyTravelUITests */ = {
			isa = PBXGroup;
			children = (
				6D6FF0E91C06405E00265E3B /* TrackThyTravelUITests.swift */,
				6D6FF0EB1C06405E00265E3B /* Info.plist */,
			);
			path = TrackThyTravelUITests;
			sourceTree = "<group>";
		};
/* End PBXGroup section */

/* Begin PBXNativeTarget section */
		6D6FF0C51C06405E00265E3B /* TrackThyTravel */ = {
			isa = PBXNativeTarget;
			buildConfigurationList = 6D6FF0EE1C06405E00265E3B /* Build configuration list for PBXNativeTarget "TrackThyTravel" */;
			buildPhases = (
				6D6FF0C21C06405E00265E3B /* Sources */,
				6D6FF0C31C06405E00265E3B /* Frameworks */,
				6D6FF0C41C06405E00265E3B /* Resources */,
			);
			buildRules = (
			);
			dependencies = (
			);
			name = TrackThyTravel;
			productName = TrackThyTravel;
			productReference = 6D6FF0C61C06405E00265E3B /* TrackThyTravel.app */;
			productType = "com.apple.product-type.application";
		};
		6D6FF0D91C06405E00265E3B /* TrackThyTravelTests */ = {
			isa = PBXNativeTarget;
			buildConfigurationList = 6D6FF0F11C06405E00265E3B /* Build configuration list for PBXNativeTarget "TrackThyTravelTests" */;
			buildPhases = (
				6D6FF0D61C06405E00265E3B /* Sources */,
				6D6FF0D71C06405E00265E3B /* Frameworks */,
				6D6FF0D81C06405E00265E3B /* Resources */,
			);
			buildRules = (
			);
			dependencies = (
				6D6FF0DC1C06405E00265E3B /* PBXTargetDependency */,
			);
			name = TrackThyTravelTests;
			productName = TrackThyTravelTests;
			productReference = 6D6FF0DA1C06405E00265E3B /* TrackThyTravelTests.xctest */;
			productType = "com.apple.product-type.bundle.unit-test";
		};
		6D6FF0E41C06405E00265E3B /* TrackThyTravelUITests */ = {
			isa = PBXNativeTarget;
			buildConfigurationList = 6D6FF0F41C06405E00265E3B /* Build configuration list for PBXNativeTarget "TrackThyTravelUITests" */;
			buildPhases = (
				6D6FF0E11C06405E00265E3B /* Sources */,
				6D6FF0E21C06405E00265E3B /* Frameworks */,
				6D6FF0E31C06405E00265E3B /* Resources */,
			);
			buildRules = (
			);
			dependencies = (
				6D6FF0E71C06405E00265E3B /* PBXTargetDependency */,
			);
			name = TrackThyTravelUITests;
			productName = TrackThyTravelUITests;
			productReference = 6D6FF0E51C06405E00265E3B /* TrackThyTravelUITests.xctest */;
			productType = "com.apple.product-type.bundle.ui-testing";
		};
/* End PBXNativeTarget section */

/* Begin PBXProject section */
		6D6FF0BE1C06405E00265E3B /* Project object */ = {
			isa = PBXProject;
			attributes = {
				LastSwiftUpdateCheck = 0720;
				LastUpgradeCheck = 0720;
				ORGANIZATIONNAME = "Nithin Chakravarthy";
				TargetAttributes = {
					6D6FF0C51C06405E00265E3B = {
						CreatedOnToolsVersion = 7.2;
						DevelopmentTeam = 3W3UUT327F;
						SystemCapabilities = {
							com.apple.ApplicationGroups.iOS = {
								enabled = 0;
							};
							com.apple.BackgroundModes = {
								enabled = 1;
							};
							com.apple.DataProtection = {
								enabled = 0;
							};
							com.apple.Keychain = {
								enabled = 0;
							};
							com.apple.Maps.iOS = {
								enabled = 1;
							};
						};
					};
					6D6FF0D91C06405E00265E3B = {
						CreatedOnToolsVersion = 7.2;
						DevelopmentTeam = 3W3UUT327F;
						TestTargetID = 6D6FF0C51C06405E00265E3B;
					};
					6D6FF0E41C06405E00265E3B = {
						CreatedOnToolsVersion = 7.2;
						DevelopmentTeam = 3W3UUT327F;
						TestTargetID = 6D6FF0C51C06405E00265E3B;
					};
				};
			};
			buildConfigurationList = 6D6FF0C11C06405E00265E3B /* Build configuration list for PBXProject "TrackThyTravel" */;
			compatibilityVersion = "Xcode 3.2";
			developmentRegion = English;
			hasScannedForEncodings = 0;
			knownRegions = (
				en,
				Base,
			);
			mainGroup = 6D6FF0BD1C06405E00265E3B;
			productRefGroup = 6D6FF0C71C06405E00265E3B /* Products */;
			projectDirPath = "";
			projectRoot = "";
			targets = (
				6D6FF0C51C06405E00265E3B /* TrackThyTravel */,
				6D6FF0D91C06405E00265E3B /* TrackThyTravelTests */,
				6D6FF0E41C06405E00265E3B /* TrackThyTravelUITests */,
			);
		};
/* End PBXProject section */

/* Begin PBXResourcesBuildPhase section */
		6D6FF0C41C06405E00265E3B /* Resources */ = {
			isa = PBXResourcesBuildPhase;
			buildActionMask = 2147483647;
			files = (
				6D6FF0D41C06405E00265E3B /* LaunchScreen.storyboard in Resources */,
				6D6FF0D11C06405E00265E3B /* Assets.xcassets in Resources */,
				6D6FF0CF1C06405E00265E3B /* Main.storyboard in Resources */,
			);
			runOnlyForDeploymentPostprocessing = 0;
		};
		6D6FF0D81C06405E00265E3B /* Resources */ = {
			isa = PBXResourcesBuildPhase;
			buildActionMask = 2147483647;
			files = (
			);
			runOnlyForDeploymentPostprocessing = 0;
		};
		6D6FF0E31C06405E00265E3B /* Resources */ = {
			isa = PBXResourcesBuildPhase;
			buildActionMask = 2147483647;
			files = (
			);
			runOnlyForDeploymentPostprocessing = 0;
		};
/* End PBXResourcesBuildPhase section */

/* Begin PBXSourcesBuildPhase section */
		6D6FF0C21C06405E00265E3B /* Sources */ = {
			isa = PBXSourcesBuildPhase;
			buildActionMask = 2147483647;
			files = (
				6D6FF0CC1C06405E00265E3B /* ViewController.swift in Sources */,
				6D6FF0CA1C06405E00265E3B /* AppDelegate.swift in Sources */,
			);
			runOnlyForDeploymentPostprocessing = 0;
		};
		6D6FF0D61C06405E00265E3B /* Sources */ = {
			isa = PBXSourcesBuildPhase;
			buildActionMask = 2147483647;
			files = (
				6D6FF0DF1C06405E00265E3B /* TrackThyTravelTests.swift in Sources */,
			);
			runOnlyForDeploymentPostprocessing = 0;
		};
		6D6FF0E11C06405E00265E3B /* Sources */ = {
			isa = PBXSourcesBuildPhase;
			buildActionMask = 2147483647;
			files = (
				6D6FF0EA1C06405E00265E3B /* TrackThyTravelUITests.swift in Sources */,
			);
			runOnlyForDeploymentPostprocessing = 0;
		};
/* End PBXSourcesBuildPhase section */

/* Begin PBXTargetDependency section */
		6D6FF0DC1C06405E00265E3B /* PBXTargetDependency */ = {
			isa = PBXTargetDependency;
			target = 6D6FF0C51C06405E00265E3B /* TrackThyTravel */;
			targetProxy = 6D6FF0DB1C06405E00265E3B /* PBXContainerItemProxy */;
		};
		6D6FF0E71C06405E00265E3B /* PBXTargetDependency */ = {
			isa = PBXTargetDependency;
			target = 6D6FF0C51C06405E00265E3B /* TrackThyTravel */;
			targetProxy = 6D6FF0E61C06405E00265E3B /* PBXContainerItemProxy */;
		};
/* End PBXTargetDependency section */

/* Begin PBXVariantGroup section */
		6D6FF0CD1C06405E00265E3B /* Main.storyboard */ = {
			isa = PBXVariantGroup;
			children = (
				6D6FF0CE1C06405E00265E3B /* Base */,
			);
			name = Main.storyboard;
			sourceTree = "<group>";
		};
		6D6FF0D21C06405E00265E3B /* LaunchScreen.storyboard */ = {
			isa = PBXVariantGroup;
			children = (
				6D6FF0D31C06405E00265E3B /* Base */,
			);
			name = LaunchScreen.storyboard;
			sourceTree = "<group>";
		};
/* End PBXVariantGroup section */

/* Begin XCBuildConfiguration section */
		6D6FF0EC1C06405E00265E3B /* Debug */ = {
			isa = XCBuildConfiguration;
			buildSettings = {
				ALWAYS_SEARCH_USER_PATHS = NO;
				CLANG_CXX_LANGUAGE_STANDARD = "gnu++0x";
				CLANG_CXX_LIBRARY = "libc++";
				CLANG_ENABLE_MODULES = YES;
				CLANG_ENABLE_OBJC_ARC = YES;
				CLANG_WARN_BOOL_CONVERSION = YES;
				CLANG_WARN_CONSTANT_CONVERSION = YES;
				CLANG_WARN_DIRECT_OBJC_ISA_USAGE = YES_ERROR;
				CLANG_WARN_EMPTY_BODY = YES;
				CLANG_WARN_ENUM_CONVERSION = YES;
				CLANG_WARN_INT_CONVERSION = YES;
				CLANG_WARN_OBJC_ROOT_CLASS = YES_ERROR;
				CLANG_WARN_UNREACHABLE_CODE = YES;
				CLANG_WARN__DUPLICATE_METHOD_MATCH = YES;
				"CODE_SIGN_IDENTITY[sdk=iphoneos*]" = "iPhone Developer";
				COPY_PHASE_STRIP = NO;
				DEBUG_INFORMATION_FORMAT = dwarf;
				ENABLE_STRICT_OBJC_MSGSEND = YES;
				ENABLE_TESTABILITY = YES;
				GCC_C_LANGUAGE_STANDARD = gnu99;
				GCC_DYNAMIC_NO_PIC = NO;
				GCC_NO_COMMON_BLOCKS = YES;
				GCC_OPTIMIZATION_LEVEL = 0;
				GCC_PREPROCESSOR_DEFINITIONS = (
					"DEBUG=1",
					"$(inherited)",
				);
				GCC_WARN_64_TO_32_BIT_CONVERSION = YES;
				GCC_WARN_ABOUT_RETURN_TYPE = YES_ERROR;
				GCC_WARN_UNDECLARED_SELECTOR = YES;
				GCC_WARN_UNINITIALIZED_AUTOS = YES_AGGRESSIVE;
				GCC_WARN_UNUSED_FUNCTION = YES;
				GCC_WARN_UNUSED_VARIABLE = YES;
				IPHONEOS_DEPLOYMENT_TARGET = 9.2;
				MTL_ENABLE_DEBUG_INFO = YES;
				ONLY_ACTIVE_ARCH = YES;
				SDKROOT = iphoneos;
				SWIFT_OPTIMIZATION_LEVEL = "-Onone";
				TARGETED_DEVICE_FAMILY = "1,2";
			};
			name = Debug;
		};
		6D6FF0ED1C06405E00265E3B /* Release */ = {
			isa = XCBuildConfiguration;
			buildSettings = {
				ALWAYS_SEARCH_USER_PATHS = NO;
				CLANG_CXX_LANGUAGE_STANDARD = "gnu++0x";
				CLANG_CXX_LIBRARY = "libc++";
				CLANG_ENABLE_MODULES = YES;
				CLANG_ENABLE_OBJC_ARC = YES;
				CLANG_WARN_BOOL_CONVERSION = YES;
				CLANG_WARN_CONSTANT_CONVERSION = YES;
				CLANG_WARN_DIRECT_OBJC_ISA_USAGE = YES_ERROR;
				CLANG_WARN_EMPTY_BODY = YES;
				CLANG_WARN_ENUM_CONVERSION = YES;
				CLANG_WARN_INT_CONVERSION = YES;
				CLANG_WARN_OBJC_ROOT_CLASS = YES_ERROR;
				CLANG_WARN_UNREACHABLE_CODE = YES;
				CLANG_WARN__DUPLICATE_METHOD_MATCH = YES;
				"CODE_SIGN_IDENTITY[sdk=iphoneos*]" = "iPhone Developer";
				COPY_PHASE_STRIP = NO;
				DEBUG_INFORMATION_FORMAT = "dwarf-with-dsym";
				ENABLE_NS_ASSERTIONS = NO;
				ENABLE_STRICT_OBJC_MSGSEND = YES;
				GCC_C_LANGUAGE_STANDARD = gnu99;
				GCC_NO_COMMON_BLOCKS = YES;
				GCC_WARN_64_TO_32_BIT_CONVERSION = YES;
				GCC_WARN_ABOUT_RETURN_TYPE = YES_ERROR;
				GCC_WARN_UNDECLARED_SELECTOR = YES;
				GCC_WARN_UNINITIALIZED_AUTOS = YES_AGGRESSIVE;
				GCC_WARN_UNUSED_FUNCTION = YES;
				GCC_WARN_UNUSED_VARIABLE = YES;
				IPHONEOS_DEPLOYMENT_TARGET = 9.2;
				MTL_ENABLE_DEBUG_INFO = NO;
				SDKROOT = iphoneos;
				TARGETED_DEVICE_FAMILY = "1,2";
				VALIDATE_PRODUCT = YES;
			};
			name = Release;
		};
		6D6FF0EF1C06405E00265E3B /* Debug */ = {
			isa = XCBuildConfiguration;
			buildSettings = {
				ASSETCATALOG_COMPILER_APPICON_NAME = AppIcon;
				CODE_SIGN_ENTITLEMENTS = TrackThyTravel/TrackThyTravel.entitlements;
				CODE_SIGN_IDENTITY = "iPhone Developer";
				"CODE_SIGN_IDENTITY[sdk=iphoneos*]" = "iPhone Developer";
				INFOPLIST_FILE = TrackThyTravel/Info.plist;
				LD_RUNPATH_SEARCH_PATHS = "$(inherited) @executable_path/Frameworks";
				PRODUCT_BUNDLE_IDENTIFIER = NithinApps.TrackThyTravel;
				PRODUCT_NAME = "$(TARGET_NAME)";
				PROVISIONING_PROFILE = "";
			};
			name = Debug;
		};
		6D6FF0F01C06405E00265E3B /* Release */ = {
			isa = XCBuildConfiguration;
			buildSettings = {
				ASSETCATALOG_COMPILER_APPICON_NAME = AppIcon;
				CODE_SIGN_ENTITLEMENTS = TrackThyTravel/TrackThyTravel.entitlements;
				CODE_SIGN_IDENTITY = "iPhone Developer";
				"CODE_SIGN_IDENTITY[sdk=iphoneos*]" = "iPhone Developer";
				INFOPLIST_FILE = TrackThyTravel/Info.plist;
				LD_RUNPATH_SEARCH_PATHS = "$(inherited) @executable_path/Frameworks";
				PRODUCT_BUNDLE_IDENTIFIER = NithinApps.TrackThyTravel;
				PRODUCT_NAME = "$(TARGET_NAME)";
				PROVISIONING_PROFILE = "";
			};
			name = Release;
		};
		6D6FF0F21C06405E00265E3B /* Debug */ = {
			isa = XCBuildConfiguration;
			buildSettings = {
				BUNDLE_LOADER = "$(TEST_HOST)";
				INFOPLIST_FILE = TrackThyTravelTests/Info.plist;
				LD_RUNPATH_SEARCH_PATHS = "$(inherited) @executable_path/Frameworks @loader_path/Frameworks";
				PRODUCT_BUNDLE_IDENTIFIER = NithinApps.TrackThyTravelTests;
				PRODUCT_NAME = "$(TARGET_NAME)";
				TEST_HOST = "$(BUILT_PRODUCTS_DIR)/TrackThyTravel.app/TrackThyTravel";
			};
			name = Debug;
		};
		6D6FF0F31C06405E00265E3B /* Release */ = {
			isa = XCBuildConfiguration;
			buildSettings = {
				BUNDLE_LOADER = "$(TEST_HOST)";
				INFOPLIST_FILE = TrackThyTravelTests/Info.plist;
				LD_RUNPATH_SEARCH_PATHS = "$(inherited) @executable_path/Frameworks @loader_path/Frameworks";
				PRODUCT_BUNDLE_IDENTIFIER = NithinApps.TrackThyTravelTests;
				PRODUCT_NAME = "$(TARGET_NAME)";
				TEST_HOST = "$(BUILT_PRODUCTS_DIR)/TrackThyTravel.app/TrackThyTravel";
			};
			name = Release;
		};
		6D6FF0F51C06405E00265E3B /* Debug */ = {
			isa = XCBuildConfiguration;
			buildSettings = {
				INFOPLIST_FILE = TrackThyTravelUITests/Info.plist;
				LD_RUNPATH_SEARCH_PATHS = "$(inherited) @executable_path/Frameworks @loader_path/Frameworks";
				PRODUCT_BUNDLE_IDENTIFIER = NithinApps.TrackThyTravelUITests;
				PRODUCT_NAME = "$(TARGET_NAME)";
				TEST_TARGET_NAME = TrackThyTravel;
				USES_XCTRUNNER = YES;
			};
			name = Debug;
		};
		6D6FF0F61C06405E00265E3B /* Release */ = {
			isa = XCBuildConfiguration;
			buildSettings = {
				INFOPLIST_FILE = TrackThyTravelUITests/Info.plist;
				LD_RUNPATH_SEARCH_PATHS = "$(inherited) @executable_path/Frameworks @loader_path/Frameworks";
				PRODUCT_BUNDLE_IDENTIFIER = NithinApps.TrackThyTravelUITests;
				PRODUCT_NAME = "$(TARGET_NAME)";
				TEST_TARGET_NAME = TrackThyTravel;
				USES_XCTRUNNER = YES;
			};
			name = Release;
		};
/* End XCBuildConfiguration section */

/* Begin XCConfigurationList section */
		6D6FF0C11C06405E00265E3B /* Build configuration list for PBXProject "TrackThyTravel" */ = {
			isa = XCConfigurationList;
			buildConfigurations = (
				6D6FF0EC1C06405E00265E3B /* Debug */,
				6D6FF0ED1C06405E00265E3B /* Release */,
			);
			defaultConfigurationIsVisible = 0;
			defaultConfigurationName = Release;
		};
		6D6FF0EE1C06405E00265E3B /* Build configuration list for PBXNativeTarget "TrackThyTravel" */ = {
			isa = XCConfigurationList;
			buildConfigurations = (
				6D6FF0EF1C06405E00265E3B /* Debug */,
				6D6FF0F01C06405E00265E3B /* Release */,
			);
			defaultConfigurationIsVisible = 0;
		};
		6D6FF0F11C06405E00265E3B /* Build configuration list for PBXNativeTarget "TrackThyTravelTests" */ = {
			isa = XCConfigurationList;
			buildConfigurations = (
				6D6FF0F21C06405E00265E3B /* Debug */,
				6D6FF0F31C06405E00265E3B /* Release */,
			);
			defaultConfigurationIsVisible = 0;
		};
		6D6FF0F41C06405E00265E3B /* Build configuration list for PBXNativeTarget "TrackThyTravelUITests" */ = {
			isa = XCConfigurationList;
			buildConfigurations = (
				6D6FF0F51C06405E00265E3B /* Debug */,
				6D6FF0F61C06405E00265E3B /* Release */,
			);
			defaultConfigurationIsVisible = 0;
		};
/* End XCConfigurationList section */
	};
	rootObject = 6D6FF0BE1C06405E00265E3B /* Project object */;
}
